// !$*UTF8*$!
{
	archiveVersion = 1;
	classes = {
	};
	objectVersion = 50;
	objects = {

/* Begin PBXBuildFile section */
		271E38FE26BDC0DB009CA98B /* Current.swift in Sources */ = {isa = PBXBuildFile; fileRef = 271E38FA26BDC0DA009CA98B /* Current.swift */; };
		271E38FF26BDC0DB009CA98B /* Request.swift in Sources */ = {isa = PBXBuildFile; fileRef = 271E38FB26BDC0DA009CA98B /* Request.swift */; };
		271E390026BDC0DB009CA98B /* Location.swift in Sources */ = {isa = PBXBuildFile; fileRef = 271E38FC26BDC0DB009CA98B /* Location.swift */; };
		271E390126BDC0DB009CA98B /* Weather.swift in Sources */ = {isa = PBXBuildFile; fileRef = 271E38FD26BDC0DB009CA98B /* Weather.swift */; };
		271E390326BDC12C009CA98B /* ContentViewModel.swift in Sources */ = {isa = PBXBuildFile; fileRef = 271E390226BDC12C009CA98B /* ContentViewModel.swift */; };
		27A2522426BEF34A00F0B6F2 /* HttpClient.swift in Sources */ = {isa = PBXBuildFile; fileRef = 27A2522326BEF34A00F0B6F2 /* HttpClient.swift */; };
		27A2523026BF6E1800F0B6F2 /* CustomImageView.swift in Sources */ = {isa = PBXBuildFile; fileRef = 27A2522F26BF6E1800F0B6F2 /* CustomImageView.swift */; };
		27A2523726C0636A00F0B6F2 /* DownloadImageClient.swift in Sources */ = {isa = PBXBuildFile; fileRef = 27A2523626C0636A00F0B6F2 /* DownloadImageClient.swift */; };
		27A2523926C08B8100F0B6F2 /* MapView.swift in Sources */ = {isa = PBXBuildFile; fileRef = 27A2523826C08B8100F0B6F2 /* MapView.swift */; };
		27FC518B26BDBE0100926C68 /* OnlineWeatherForecastApp.swift in Sources */ = {isa = PBXBuildFile; fileRef = 27FC518A26BDBE0100926C68 /* OnlineWeatherForecastApp.swift */; };
		27FC518D26BDBE0100926C68 /* ContentView.swift in Sources */ = {isa = PBXBuildFile; fileRef = 27FC518C26BDBE0100926C68 /* ContentView.swift */; };
		27FC518F26BDBE1200926C68 /* Assets.xcassets in Resources */ = {isa = PBXBuildFile; fileRef = 27FC518E26BDBE1200926C68 /* Assets.xcassets */; };
		27FC519226BDBE1200926C68 /* Preview Assets.xcassets in Resources */ = {isa = PBXBuildFile; fileRef = 27FC519126BDBE1200926C68 /* Preview Assets.xcassets */; };
/* End PBXBuildFile section */

/* Begin PBXFileReference section */
		271E38FA26BDC0DA009CA98B /* Current.swift */ = {isa = PBXFileReference; fileEncoding = 4; lastKnownFileType = sourcecode.swift; name = Current.swift; path = ../../../OnlineWeather/OnlineWeather/Model/Current.swift; sourceTree = "<group>"; };
		271E38FB26BDC0DA009CA98B /* Request.swift */ = {isa = PBXFileReference; fileEncoding = 4; lastKnownFileType = sourcecode.swift; name = Request.swift; path = ../../../OnlineWeather/OnlineWeather/Model/Request.swift; sourceTree = "<group>"; };
		271E38FC26BDC0DB009CA98B /* Location.swift */ = {isa = PBXFileReference; fileEncoding = 4; lastKnownFileType = sourcecode.swift; name = Location.swift; path = ../../../OnlineWeather/OnlineWeather/Model/Location.swift; sourceTree = "<group>"; };
		271E38FD26BDC0DB009CA98B /* Weather.swift */ = {isa = PBXFileReference; fileEncoding = 4; lastKnownFileType = sourcecode.swift; name = Weather.swift; path = ../../../OnlineWeather/OnlineWeather/Model/Weather.swift; sourceTree = "<group>"; };
		271E390226BDC12C009CA98B /* ContentViewModel.swift */ = {isa = PBXFileReference; lastKnownFileType = sourcecode.swift; path = ContentViewModel.swift; sourceTree = "<group>"; };
		27A2522326BEF34A00F0B6F2 /* HttpClient.swift */ = {isa = PBXFileReference; lastKnownFileType = sourcecode.swift; path = HttpClient.swift; sourceTree = "<group>"; };
		27A2522F26BF6E1800F0B6F2 /* CustomImageView.swift */ = {isa = PBXFileReference; lastKnownFileType = sourcecode.swift; path = CustomImageView.swift; sourceTree = "<group>"; };
		27A2523626C0636A00F0B6F2 /* DownloadImageClient.swift */ = {isa = PBXFileReference; lastKnownFileType = sourcecode.swift; path = DownloadImageClient.swift; sourceTree = "<group>"; };
		27A2523826C08B8100F0B6F2 /* MapView.swift */ = {isa = PBXFileReference; lastKnownFileType = sourcecode.swift; path = MapView.swift; sourceTree = "<group>"; };
		27FC518726BDBE0100926C68 /* OnlineWeatherForecast.app */ = {isa = PBXFileReference; explicitFileType = wrapper.application; includeInIndex = 0; path = OnlineWeatherForecast.app; sourceTree = BUILT_PRODUCTS_DIR; };
		27FC518A26BDBE0100926C68 /* OnlineWeatherForecastApp.swift */ = {isa = PBXFileReference; lastKnownFileType = sourcecode.swift; path = OnlineWeatherForecastApp.swift; sourceTree = "<group>"; };
		27FC518C26BDBE0100926C68 /* ContentView.swift */ = {isa = PBXFileReference; lastKnownFileType = sourcecode.swift; path = ContentView.swift; sourceTree = "<group>"; };
		27FC518E26BDBE1200926C68 /* Assets.xcassets */ = {isa = PBXFileReference; lastKnownFileType = folder.assetcatalog; path = Assets.xcassets; sourceTree = "<group>"; };
		27FC519126BDBE1200926C68 /* Preview Assets.xcassets */ = {isa = PBXFileReference; lastKnownFileType = folder.assetcatalog; path = "Preview Assets.xcassets"; sourceTree = "<group>"; };
		27FC519326BDBE1200926C68 /* Info.plist */ = {isa = PBXFileReference; lastKnownFileType = text.plist.xml; path = Info.plist; sourceTree = "<group>"; };
/* End PBXFileReference section */

/* Begin PBXFrameworksBuildPhase section */
		27FC518426BDBE0100926C68 /* Frameworks */ = {
			isa = PBXFrameworksBuildPhase;
			buildActionMask = 2147483647;
			files = (
			);
			runOnlyForDeploymentPostprocessing = 0;
		};
/* End PBXFrameworksBuildPhase section */

/* Begin PBXGroup section */
		271E38F426BDC071009CA98B /* Model */ = {
			isa = PBXGroup;
			children = (
				271E38FA26BDC0DA009CA98B /* Current.swift */,
				271E38FC26BDC0DB009CA98B /* Location.swift */,
				271E38FB26BDC0DA009CA98B /* Request.swift */,
				271E38FD26BDC0DB009CA98B /* Weather.swift */,
			);
			path = Model;
			sourceTree = "<group>";
		};
		271E38F526BDC077009CA98B /* View */ = {
			isa = PBXGroup;
			children = (
				27FC518C26BDBE0100926C68 /* ContentView.swift */,
				27A2522F26BF6E1800F0B6F2 /* CustomImageView.swift */,
				27A2523826C08B8100F0B6F2 /* MapView.swift */,
			);
			path = View;
			sourceTree = "<group>";
		};
		271E38F626BDC07E009CA98B /* ViewModel */ = {
			isa = PBXGroup;
			children = (
				271E390226BDC12C009CA98B /* ContentViewModel.swift */,
			);
			path = ViewModel;
			sourceTree = "<group>";
		};
		271E38F726BDC088009CA98B /* Service */ = {
			isa = PBXGroup;
			children = (
				27A2522326BEF34A00F0B6F2 /* HttpClient.swift */,
				27A2523626C0636A00F0B6F2 /* DownloadImageClient.swift */,
			);
			path = Service;
			sourceTree = "<group>";
		};
		27A2523126BF6E7000F0B6F2 /* App */ = {
			isa = PBXGroup;
			children = (
				27FC518A26BDBE0100926C68 /* OnlineWeatherForecastApp.swift */,
			);
			path = App;
			sourceTree = "<group>";
		};
		27FC517E26BDBE0000926C68 = {
			isa = PBXGroup;
			children = (
				27FC518926BDBE0100926C68 /* OnlineWeatherForecast */,
				27FC518826BDBE0100926C68 /* Products */,
			);
			sourceTree = "<group>";
		};
		27FC518826BDBE0100926C68 /* Products */ = {
			isa = PBXGroup;
			children = (
				27FC518726BDBE0100926C68 /* OnlineWeatherForecast.app */,
			);
			name = Products;
			sourceTree = "<group>";
		};
		27FC518926BDBE0100926C68 /* OnlineWeatherForecast */ = {
			isa = PBXGroup;
			children = (
				27A2523126BF6E7000F0B6F2 /* App */,
				271E38F726BDC088009CA98B /* Service */,
				271E38F626BDC07E009CA98B /* ViewModel */,
				271E38F526BDC077009CA98B /* View */,
				271E38F426BDC071009CA98B /* Model */,
				27FC518E26BDBE1200926C68 /* Assets.xcassets */,
				27FC519326BDBE1200926C68 /* Info.plist */,
				27FC519026BDBE1200926C68 /* Preview Content */,
			);
			path = OnlineWeatherForecast;
			sourceTree = "<group>";
		};
		27FC519026BDBE1200926C68 /* Preview Content */ = {
			isa = PBXGroup;
			children = (
				27FC519126BDBE1200926C68 /* Preview Assets.xcassets */,
			);
			path = "Preview Content";
			sourceTree = "<group>";
		};
/* End PBXGroup section */

/* Begin PBXNativeTarget section */
		27FC518626BDBE0100926C68 /* OnlineWeatherForecast */ = {
			isa = PBXNativeTarget;
			buildConfigurationList = 27FC519626BDBE1200926C68 /* Build configuration list for PBXNativeTarget "OnlineWeatherForecast" */;
			buildPhases = (
				27FC518326BDBE0100926C68 /* Sources */,
				27FC518426BDBE0100926C68 /* Frameworks */,
				27FC518526BDBE0100926C68 /* Resources */,
			);
			buildRules = (
			);
			dependencies = (
			);
			name = OnlineWeatherForecast;
			productName = OnlineWeatherForecast;
			productReference = 27FC518726BDBE0100926C68 /* OnlineWeatherForecast.app */;
			productType = "com.apple.product-type.application";
		};
/* End PBXNativeTarget section */

/* Begin PBXProject section */
		27FC517F26BDBE0000926C68 /* Project object */ = {
			isa = PBXProject;
			attributes = {
				LastSwiftUpdateCheck = 1250;
				LastUpgradeCheck = 1250;
				TargetAttributes = {
					27FC518626BDBE0100926C68 = {
						CreatedOnToolsVersion = 12.5.1;
					};
				};
			};
			buildConfigurationList = 27FC518226BDBE0000926C68 /* Build configuration list for PBXProject "OnlineWeatherForecast" */;
			compatibilityVersion = "Xcode 9.3";
			developmentRegion = en;
			hasScannedForEncodings = 0;
			knownRegions = (
				en,
				Base,
			);
			mainGroup = 27FC517E26BDBE0000926C68;
			productRefGroup = 27FC518826BDBE0100926C68 /* Products */;
			projectDirPath = "";
			projectRoot = "";
			targets = (
				27FC518626BDBE0100926C68 /* OnlineWeatherForecast */,
			);
		};
/* End PBXProject section */

/* Begin PBXResourcesBuildPhase section */
		27FC518526BDBE0100926C68 /* Resources */ = {
			isa = PBXResourcesBuildPhase;
			buildActionMask = 2147483647;
			files = (
				27FC519226BDBE1200926C68 /* Preview Assets.xcassets in Resources */,
				27FC518F26BDBE1200926C68 /* Assets.xcassets in Resources */,
			);
			runOnlyForDeploymentPostprocessing = 0;
		};
/* End PBXResourcesBuildPhase section */

/* Begin PBXSourcesBuildPhase section */
		27FC518326BDBE0100926C68 /* Sources */ = {
			isa = PBXSourcesBuildPhase;
			buildActionMask = 2147483647;
			files = (
				271E390326BDC12C009CA98B /* ContentViewModel.swift in Sources */,
				27A2523026BF6E1800F0B6F2 /* CustomImageView.swift in Sources */,
				27FC518D26BDBE0100926C68 /* ContentView.swift in Sources */,
				27A2523926C08B8100F0B6F2 /* MapView.swift in Sources */,
				27A2522426BEF34A00F0B6F2 /* HttpClient.swift in Sources */,
				271E38FF26BDC0DB009CA98B /* Request.swift in Sources */,
				27FC518B26BDBE0100926C68 /* OnlineWeatherForecastApp.swift in Sources */,
				271E390026BDC0DB009CA98B /* Location.swift in Sources */,
				27A2523726C0636A00F0B6F2 /* DownloadImageClient.swift in Sources */,
				271E38FE26BDC0DB009CA98B /* Current.swift in Sources */,
				271E390126BDC0DB009CA98B /* Weather.swift in Sources */,
			);
			runOnlyForDeploymentPostprocessing = 0;
		};
/* End PBXSourcesBuildPhase section */

/* Begin XCBuildConfiguration section */
		27FC519426BDBE1200926C68 /* Debug */ = {
			isa = XCBuildConfiguration;
			buildSettings = {
				ALWAYS_SEARCH_USER_PATHS = NO;
				CLANG_ANALYZER_NONNULL = YES;
				CLANG_ANALYZER_NUMBER_OBJECT_CONVERSION = YES_AGGRESSIVE;
				CLANG_CXX_LANGUAGE_STANDARD = "gnu++14";
				CLANG_CXX_LIBRARY = "libc++";
				CLANG_ENABLE_MODULES = YES;
				CLANG_ENABLE_OBJC_ARC = YES;
				CLANG_ENABLE_OBJC_WEAK = YES;
				CLANG_WARN_BLOCK_CAPTURE_AUTORELEASING = YES;
				CLANG_WARN_BOOL_CONVERSION = YES;
				CLANG_WARN_COMMA = YES;
				CLANG_WARN_CONSTANT_CONVERSION = YES;
				CLANG_WARN_DEPRECATED_OBJC_IMPLEMENTATIONS = YES;
				CLANG_WARN_DIRECT_OBJC_ISA_USAGE = YES_ERROR;
				CLANG_WARN_DOCUMENTATION_COMMENTS = YES;
				CLANG_WARN_EMPTY_BODY = YES;
				CLANG_WARN_ENUM_CONVERSION = YES;
				CLANG_WARN_INFINITE_RECURSION = YES;
				CLANG_WARN_INT_CONVERSION = YES;
				CLANG_WARN_NON_LITERAL_NULL_CONVERSION = YES;
				CLANG_WARN_OBJC_IMPLICIT_RETAIN_SELF = YES;
				CLANG_WARN_OBJC_LITERAL_CONVERSION = YES;
				CLANG_WARN_OBJC_ROOT_CLASS = YES_ERROR;
				CLANG_WARN_QUOTED_INCLUDE_IN_FRAMEWORK_HEADER = YES;
				CLANG_WARN_RANGE_LOOP_ANALYSIS = YES;
				CLANG_WARN_STRICT_PROTOTYPES = YES;
				CLANG_WARN_SUSPICIOUS_MOVE = YES;
				CLANG_WARN_UNGUARDED_AVAILABILITY = YES_AGGRESSIVE;
				CLANG_WARN_UNREACHABLE_CODE = YES;
				CLANG_WARN__DUPLICATE_METHOD_MATCH = YES;
				COPY_PHASE_STRIP = NO;
				DEBUG_INFORMATION_FORMAT = dwarf;
				ENABLE_STRICT_OBJC_MSGSEND = YES;
				ENABLE_TESTABILITY = YES;
				GCC_C_LANGUAGE_STANDARD = gnu11;
				GCC_DYNAMIC_NO_PIC = NO;
				GCC_NO_COMMON_BLOCKS = YES;
				GCC_OPTIMIZATION_LEVEL = 0;
				GCC_PREPROCESSOR_DEFINITIONS = (
					"DEBUG=1",
					"$(inherited)",
				);
				GCC_WARN_64_TO_32_BIT_CONVERSION = YES;
				GCC_WARN_ABOUT_RETURN_TYPE = YES_ERROR;
				GCC_WARN_UNDECLARED_SELECTOR = YES;
				GCC_WARN_UNINITIALIZED_AUTOS = YES_AGGRESSIVE;
				GCC_WARN_UNUSED_FUNCTION = YES;
				GCC_WARN_UNUSED_VARIABLE = YES;
				IPHONEOS_DEPLOYMENT_TARGET = 14.5;
				MTL_ENABLE_DEBUG_INFO = INCLUDE_SOURCE;
				MTL_FAST_MATH = YES;
				ONLY_ACTIVE_ARCH = YES;
				SDKROOT = iphoneos;
				SWIFT_ACTIVE_COMPILATION_CONDITIONS = DEBUG;
				SWIFT_OPTIMIZATION_LEVEL = "-Onone";
			};
			name = Debug;
		};
		27FC519526BDBE1200926C68 /* Release */ = {
			isa = XCBuildConfiguration;
			buildSettings = {
				ALWAYS_SEARCH_USER_PATHS = NO;
				CLANG_ANALYZER_NONNULL = YES;
				CLANG_ANALYZER_NUMBER_OBJECT_CONVERSION = YES_AGGRESSIVE;
				CLANG_CXX_LANGUAGE_STANDARD = "gnu++14";
				CLANG_CXX_LIBRARY = "libc++";
				CLANG_ENABLE_MODULES = YES;
				CLANG_ENABLE_OBJC_ARC = YES;
				CLANG_ENABLE_OBJC_WEAK = YES;
				CLANG_WARN_BLOCK_CAPTURE_AUTORELEASING = YES;
				CLANG_WARN_BOOL_CONVERSION = YES;
				CLANG_WARN_COMMA = YES;
				CLANG_WARN_CONSTANT_CONVERSION = YES;
				CLANG_WARN_DEPRECATED_OBJC_IMPLEMENTATIONS = YES;
				CLANG_WARN_DIRECT_OBJC_ISA_USAGE = YES_ERROR;
				CLANG_WARN_DOCUMENTATION_COMMENTS = YES;
				CLANG_WARN_EMPTY_BODY = YES;
				CLANG_WARN_ENUM_CONVERSION = YES;
				CLANG_WARN_INFINITE_RECURSION = YES;
				CLANG_WARN_INT_CONVERSION = YES;
				CLANG_WARN_NON_LITERAL_NULL_CONVERSION = YES;
				CLANG_WARN_OBJC_IMPLICIT_RETAIN_SELF = YES;
				CLANG_WARN_OBJC_LITERAL_CONVERSION = YES;
				CLANG_WARN_OBJC_ROOT_CLASS = YES_ERROR;
				CLANG_WARN_QUOTED_INCLUDE_IN_FRAMEWORK_HEADER = YES;
				CLANG_WARN_RANGE_LOOP_ANALYSIS = YES;
				CLANG_WARN_STRICT_PROTOTYPES = YES;
				CLANG_WARN_SUSPICIOUS_MOVE = YES;
				CLANG_WARN_UNGUARDED_AVAILABILITY = YES_AGGRESSIVE;
				CLANG_WARN_UNREACHABLE_CODE = YES;
				CLANG_WARN__DUPLICATE_METHOD_MATCH = YES;
				COPY_PHASE_STRIP = NO;
				DEBUG_INFORMATION_FORMAT = "dwarf-with-dsym";
				ENABLE_NS_ASSERTIONS = NO;
				ENABLE_STRICT_OBJC_MSGSEND = YES;
				GCC_C_LANGUAGE_STANDARD = gnu11;
				GCC_NO_COMMON_BLOCKS = YES;
				GCC_WARN_64_TO_32_BIT_CONVERSION = YES;
				GCC_WARN_ABOUT_RETURN_TYPE = YES_ERROR;
				GCC_WARN_UNDECLARED_SELECTOR = YES;
				GCC_WARN_UNINITIALIZED_AUTOS = YES_AGGRESSIVE;
				GCC_WARN_UNUSED_FUNCTION = YES;
				GCC_WARN_UNUSED_VARIABLE = YES;
				IPHONEOS_DEPLOYMENT_TARGET = 14.5;
				MTL_ENABLE_DEBUG_INFO = NO;
				MTL_FAST_MATH = YES;
				SDKROOT = iphoneos;
				SWIFT_COMPILATION_MODE = wholemodule;
				SWIFT_OPTIMIZATION_LEVEL = "-O";
				VALIDATE_PRODUCT = YES;
			};
			name = Release;
		};
		27FC519726BDBE1200926C68 /* Debug */ = {
			isa = XCBuildConfiguration;
			buildSettings = {
				ASSETCATALOG_COMPILER_APPICON_NAME = AppIcon;
				ASSETCATALOG_COMPILER_GLOBAL_ACCENT_COLOR_NAME = AccentColor;
				CODE_SIGN_STYLE = Automatic;
				DEVELOPMENT_ASSET_PATHS = "\"OnlineWeatherForecast/Preview Content\"";
				DEVELOPMENT_TEAM = 5VS4DYK362;
				ENABLE_PREVIEWS = YES;
				INFOPLIST_FILE = OnlineWeatherForecast/Info.plist;
				IPHONEOS_DEPLOYMENT_TARGET = 14.0;
				LD_RUNPATH_SEARCH_PATHS = (
					"$(inherited)",
					"@executable_path/Frameworks",
				);
				PRODUCT_BUNDLE_IDENTIFIER = com.kalemlisipahi.OnlineWeatherForecast;
				PRODUCT_NAME = "$(TARGET_NAME)";
				SWIFT_VERSION = 5.0;
				TARGETED_DEVICE_FAMILY = "1,2";
			};
			name = Debug;
		};
		27FC519826BDBE1200926C68 /* Release */ = {
			isa = XCBuildConfiguration;
			buildSettings = {
				ASSETCATALOG_COMPILER_APPICON_NAME = AppIcon;
				ASSETCATALOG_COMPILER_GLOBAL_ACCENT_COLOR_NAME = AccentColor;
				CODE_SIGN_STYLE = Automatic;
				DEVELOPMENT_ASSET_PATHS = "\"OnlineWeatherForecast/Preview Content\"";
				DEVELOPMENT_TEAM = 5VS4DYK362;
				ENABLE_PREVIEWS = YES;
				INFOPLIST_FILE = OnlineWeatherForecast/Info.plist;
				IPHONEOS_DEPLOYMENT_TARGET = 14.0;
				LD_RUNPATH_SEARCH_PATHS = (
					"$(inherited)",
					"@executable_path/Frameworks",
				);
				PRODUCT_BUNDLE_IDENTIFIER = com.kalemlisipahi.OnlineWeatherForecast;
				PRODUCT_NAME = "$(TARGET_NAME)";
				SWIFT_VERSION = 5.0;
				TARGETED_DEVICE_FAMILY = "1,2";
			};
			name = Release;
		};
/* End XCBuildConfiguration section */

/* Begin XCConfigurationList section */
		27FC518226BDBE0000926C68 /* Build configuration list for PBXProject "OnlineWeatherForecast" */ = {
			isa = XCConfigurationList;
			buildConfigurations = (
				27FC519426BDBE1200926C68 /* Debug */,
				27FC519526BDBE1200926C68 /* Release */,
			);
			defaultConfigurationIsVisible = 0;
			defaultConfigurationName = Release;
		};
		27FC519626BDBE1200926C68 /* Build configuration list for PBXNativeTarget "OnlineWeatherForecast" */ = {
			isa = XCConfigurationList;
			buildConfigurations = (
				27FC519726BDBE1200926C68 /* Debug */,
				27FC519826BDBE1200926C68 /* Release */,
			);
			defaultConfigurationIsVisible = 0;
			defaultConfigurationName = Release;
		};
/* End XCConfigurationList section */
	};
	rootObject = 27FC517F26BDBE0000926C68 /* Project object */;
}
